// !$*UTF8*$!
{
	archiveVersion = 1;
	classes = {
	};
	objectVersion = 77;
	objects = {

/* Begin PBXBuildFile section */
		A19542E53037828B001F7165 /* libdurvald_core.dylib in Frameworks */ = {isa = PBXBuildFile; fileRef = A19542E43037828B001F7165 /* libdurvald_core.dylib */; };
		A19542E730378345001F7165 /* libdurvald_core.dylib in CopyFiles */ = {isa = PBXBuildFile; fileRef = A19542E43037828B001F7165 /* libdurvald_core.dylib */; settings = {ATTRIBUTES = (CodeSignOnCopy, ); }; };
		A195434A30397676001F7165 /* AppIcon.icon in Resources */ = {isa = PBXBuildFile; fileRef = A195434930397676001F7165 /* AppIcon.icon */; };
/* End PBXBuildFile section */

/* Begin PBXContainerItemProxy section */
		A195432C30396B73001F7165 /* PBXContainerItemProxy */ = {
			isa = PBXContainerItemProxy;
			containerPortal = A19542CB303777A7001F7165 /* Project object */;
			proxyType = 1;
			remoteGlobalIDString = A19542D2303777A7001F7165;
			remoteInfo = Durvald;
		};
		A195433B30396B9F001F7165 /* PBXContainerItemProxy */ = {
			isa = PBXContainerItemProxy;
			containerPortal = A19542CB303777A7001F7165 /* Project object */;
			proxyType = 1;
			remoteGlobalIDString = A19542D2303777A7001F7165;
			remoteInfo = Durvald;
		};
/* End PBXContainerItemProxy section */

/* Begin PBXCopyFilesBuildPhase section */
		A19542E630378306001F7165 /* CopyFiles */ = {
			isa = PBXCopyFilesBuildPhase;
			buildActionMask = 2147483647;
			dstPath = "";
			dstSubfolderSpec = 10;
			files = (
				A19542E730378345001F7165 /* libdurvald_core.dylib in CopyFiles */,
			);
			runOnlyForDeploymentPostprocessing = 0;
		};
/* End PBXCopyFilesBuildPhase section */

/* Begin PBXFileReference section */
		A19542D3303777A7001F7165 /* Durvald.app */ = {isa = PBXFileReference; explicitFileType = wrapper.application; includeInIndex = 0; path = Durvald.app; sourceTree = BUILT_PRODUCTS_DIR; };
		A19542E43037828B001F7165 /* libdurvald_core.dylib */ = {isa = PBXFileReference; lastKnownFileType = "compiled.mach-o.dylib"; name = libdurvald_core.dylib; path = Frameworks/libdurvald_core.dylib; sourceTree = "<group>"; };
		A195432830396B73001F7165 /* DurvaldTests.xctest */ = {isa = PBXFileReference; explicitFileType = wrapper.cfbundle; includeInIndex = 0; path = DurvaldTests.xctest; sourceTree = BUILT_PRODUCTS_DIR; };
		A195433530396B9F001F7165 /* DurvaldUITests.xctest */ = {isa = PBXFileReference; explicitFileType = wrapper.cfbundle; includeInIndex = 0; path = DurvaldUITests.xctest; sourceTree = BUILT_PRODUCTS_DIR; };
		A195434930397676001F7165 /* AppIcon.icon */ = {isa = PBXFileReference; lastKnownFileType = folder.iconcomposer.icon; path = AppIcon.icon; sourceTree = "<group>"; };
/* End PBXFileReference section */

/* Begin PBXFileSystemSynchronizedRootGroup section */
		A19542D5303777A7001F7165 /* Durvald */ = {
			isa = PBXFileSystemSynchronizedRootGroup;
			path = Durvald;
			sourceTree = "<group>";
		};
		A195432930396B73001F7165 /* DurvaldTests */ = {
			isa = PBXFileSystemSynchronizedRootGroup;
			path = DurvaldTests;
			sourceTree = "<group>";
		};
		A195433630396B9F001F7165 /* DurvaldUITests */ = {
			isa = PBXFileSystemSynchronizedRootGroup;
			path = DurvaldUITests;
			sourceTree = "<group>";
		};
/* End PBXFileSystemSynchronizedRootGroup section */

/* Begin PBXFrameworksBuildPhase section */
		A19542D0303777A7001F7165 /* Frameworks */ = {
			isa = PBXFrameworksBuildPhase;
			buildActionMask = 2147483647;
			files = (
				A19542E53037828B001F7165 /* libdurvald_core.dylib in Frameworks */,
			);
			runOnlyForDeploymentPostprocessing = 0;
		};
		A195432530396B73001F7165 /* Frameworks */ = {
			isa = PBXFrameworksBuildPhase;
			buildActionMask = 2147483647;
			files = (
			);
			runOnlyForDeploymentPostprocessing = 0;
		};
		A195433230396B9F001F7165 /* Frameworks */ = {
			isa = PBXFrameworksBuildPhase;
			buildActionMask = 2147483647;
			files = (
			);
			runOnlyForDeploymentPostprocessing = 0;
		};
/* End PBXFrameworksBuildPhase section */

/* Begin PBXGroup section */
		A19542CA303777A7001F7165 = {
			isa = PBXGroup;
			children = (
				A19542D5303777A7001F7165 /* Durvald */,
				A195432930396B73001F7165 /* DurvaldTests */,
				A195433630396B9F001F7165 /* DurvaldUITests */,
				A19542E33037828B001F7165 /* Frameworks */,
				A19542D4303777A7001F7165 /* Products */,
				A195434930397676001F7165 /* AppIcon.icon */,
			);
			sourceTree = "<group>";
		};
		A19542D4303777A7001F7165 /* Products */ = {
			isa = PBXGroup;
			children = (
				A19542D3303777A7001F7165 /* Durvald.app */,
				A195432830396B73001F7165 /* DurvaldTests.xctest */,
				A195433530396B9F001F7165 /* DurvaldUITests.xctest */,
			);
			name = Products;
			sourceTree = "<group>";
		};
		A19542E33037828B001F7165 /* Frameworks */ = {
			isa = PBXGroup;
			children = (
				A19542E43037828B001F7165 /* libdurvald_core.dylib */,
			);
			name = Frameworks;
			sourceTree = "<group>";
		};
/* End PBXGroup section */

/* Begin PBXNativeTarget section */
		A19542D2303777A7001F7165 /* Durvald */ = {
			isa = PBXNativeTarget;
			buildConfigurationList = A19542DE303777A7001F7165 /* Build configuration list for PBXNativeTarget "Durvald" */;
			buildPhases = (
				A19542CF303777A7001F7165 /* Sources */,
				A19542D0303777A7001F7165 /* Frameworks */,
				A19542D1303777A7001F7165 /* Resources */,
				A19542E630378306001F7165 /* CopyFiles */,
			);
			buildRules = (
			);
			dependencies = (
			);
			fileSystemSynchronizedGroups = (
				A19542D5303777A7001F7165 /* Durvald */,
			);
			name = Durvald;
			packageProductDependencies = (
			);
			productName = Durvald;
			productReference = A19542D3303777A7001F7165 /* Durvald.app */;
			productType = "com.apple.product-type.application";
		};
		A195432730396B73001F7165 /* DurvaldTests */ = {
			isa = PBXNativeTarget;
			buildConfigurationList = A195432E30396B73001F7165 /* Build configuration list for PBXNativeTarget "DurvaldTests" */;
			buildPhases = (
				A195432430396B73001F7165 /* Sources */,
				A195432530396B73001F7165 /* Frameworks */,
				A195432630396B73001F7165 /* Resources */,
			);
			buildRules = (
			);
			dependencies = (
				A195432D30396B73001F7165 /* PBXTargetDependency */,
			);
			fileSystemSynchronizedGroups = (
				A195432930396B73001F7165 /* DurvaldTests */,
			);
			name = DurvaldTests;
			packageProductDependencies = (
			);
			productName = DurvaldTests;
			productReference = A195432830396B73001F7165 /* DurvaldTests.xctest */;
			productType = "com.apple.product-type.bundle.unit-test";
		};
		A195433430396B9F001F7165 /* DurvaldUITests */ = {
			isa = PBXNativeTarget;
			buildConfigurationList = A195433D30396B9F001F7165 /* Build configuration list for PBXNativeTarget "DurvaldUITests" */;
			buildPhases = (
				A195433130396B9F001F7165 /* Sources */,
				A195433230396B9F001F7165 /* Frameworks */,
				A195433330396B9F001F7165 /* Resources */,
			);
			buildRules = (
			);
			dependencies = (
				A195433C30396B9F001F7165 /* PBXTargetDependency */,
			);
			fileSystemSynchronizedGroups = (
				A195433630396B9F001F7165 /* DurvaldUITests */,
			);
			name = DurvaldUITests;
			packageProductDependencies = (
			);
			productName = DurvaldUITests;
			productReference = A195433530396B9F001F7165 /* DurvaldUITests.xctest */;
			productType = "com.apple.product-type.bundle.ui-testing";
		};
/* End PBXNativeTarget section */

/* Begin PBXProject section */
		A19542CB303777A7001F7165 /* Project object */ = {
			isa = PBXProject;
			attributes = {
				BuildIndependentTargetsInParallel = 1;
				LastSwiftUpdateCheck = 2660;
				LastUpgradeCheck = 2660;
				TargetAttributes = {
					A19542D2303777A7001F7165 = {
						CreatedOnToolsVersion = 26.6;
					};
					A195432730396B73001F7165 = {
						CreatedOnToolsVersion = 26.6;
						TestTargetID = A19542D2303777A7001F7165;
					};
					A195433430396B9F001F7165 = {
						CreatedOnToolsVersion = 26.6;
						TestTargetID = A19542D2303777A7001F7165;
					};
				};
			};
			buildConfigurationList = A19542CE303777A7001F7165 /* Build configuration list for PBXProject "Durvald" */;
			developmentRegion = en;
			hasScannedForEncodings = 0;
			knownRegions = (
				en,
				Base,
			);
			mainGroup = A19542CA303777A7001F7165;
			minimizedProjectReferenceProxies = 1;
			preferredProjectObjectVersion = 77;
			productRefGroup = A19542D4303777A7001F7165 /* Products */;
			projectDirPath = "";
			projectRoot = "";
			targets = (
				A19542D2303777A7001F7165 /* Durvald */,
				A195432730396B73001F7165 /* DurvaldTests */,
				A195433430396B9F001F7165 /* DurvaldUITests */,
			);
		};
/* End PBXProject section */

/* Begin PBXResourcesBuildPhase section */
		A19542D1303777A7001F7165 /* Resources */ = {
			isa = PBXResourcesBuildPhase;
			buildActionMask = 2147483647;
			files = (
				A195434A30397676001F7165 /* AppIcon.icon in Resources */,
			);
			runOnlyForDeploymentPostprocessing = 0;
		};
		A195432630396B73001F7165 /* Resources */ = {
			isa = PBXResourcesBuildPhase;
			buildActionMask = 2147483647;
			files = (
			);
			runOnlyForDeploymentPostprocessing = 0;
		};
		A195433330396B9F001F7165 /* Resources */ = {
			isa = PBXResourcesBuildPhase;
			buildActionMask = 2147483647;
			files = (
			);
			runOnlyForDeploymentPostprocessing = 0;
		};
/* End PBXResourcesBuildPhase section */

/* Begin PBXSourcesBuildPhase section */
		A19542CF303777A7001F7165 /* Sources */ = {
			isa = PBXSourcesBuildPhase;
			buildActionMask = 2147483647;
			files = (
			);
			runOnlyForDeploymentPostprocessing = 0;
		};
		A195432430396B73001F7165 /* Sources */ = {
			isa = PBXSourcesBuildPhase;
			buildActionMask = 2147483647;
			files = (
			);
			runOnlyForDeploymentPostprocessing = 0;
		};
		A195433130396B9F001F7165 /* Sources */ = {
			isa = PBXSourcesBuildPhase;
			buildActionMask = 2147483647;
			files = (
			);
			runOnlyForDeploymentPostprocessing = 0;
		};
/* End PBXSourcesBuildPhase section */

/* Begin PBXTargetDependency section */
		A195432D30396B73001F7165 /* PBXTargetDependency */ = {
			isa = PBXTargetDependency;
			target = A19542D2303777A7001F7165 /* Durvald */;
			targetProxy = A195432C30396B73001F7165 /* PBXContainerItemProxy */;
		};
		A195433C30396B9F001F7165 /* PBXTargetDependency */ = {
			isa = PBXTargetDependency;
			target = A19542D2303777A7001F7165 /* Durvald */;
			targetProxy = A195433B30396B9F001F7165 /* PBXContainerItemProxy */;
		};
/* End PBXTargetDependency section */

/* Begin XCBuildConfiguration section */
		A19542DC303777A7001F7165 /* Debug */ = {
			isa = XCBuildConfiguration;
			buildSettings = {
				ALWAYS_SEARCH_USER_PATHS = NO;
				ASSETCATALOG_COMPILER_GENERATE_SWIFT_ASSET_SYMBOL_EXTENSIONS = YES;
				CLANG_ANALYZER_NONNULL = YES;
				CLANG_ANALYZER_NUMBER_OBJECT_CONVERSION = YES_AGGRESSIVE;
				CLANG_CXX_LANGUAGE_STANDARD = "gnu++20";
				CLANG_ENABLE_MODULES = YES;
				CLANG_ENABLE_OBJC_ARC = YES;
				CLANG_ENABLE_OBJC_WEAK = YES;
				CLANG_WARN_BLOCK_CAPTURE_AUTORELEASING = YES;
				CLANG_WARN_BOOL_CONVERSION = YES;
				CLANG_WARN_COMMA = YES;
				CLANG_WARN_CONSTANT_CONVERSION = YES;
				CLANG_WARN_DEPRECATED_OBJC_IMPLEMENTATIONS = YES;
				CLANG_WARN_DIRECT_OBJC_ISA_USAGE = YES_ERROR;
				CLANG_WARN_DOCUMENTATION_COMMENTS = YES;
				CLANG_WARN_EMPTY_BODY = YES;
				CLANG_WARN_ENUM_CONVERSION = YES;
				CLANG_WARN_INFINITE_RECURSION = YES;
				CLANG_WARN_INT_CONVERSION = YES;
				CLANG_WARN_NON_LITERAL_NULL_CONVERSION = YES;
				CLANG_WARN_OBJC_IMPLICIT_RETAIN_SELF = YES;
				CLANG_WARN_OBJC_LITERAL_CONVERSION = YES;
				CLANG_WARN_OBJC_ROOT_CLASS = YES_ERROR;
				CLANG_WARN_QUOTED_INCLUDE_IN_FRAMEWORK_HEADER = YES;
				CLANG_WARN_RANGE_LOOP_ANALYSIS = YES;
				CLANG_WARN_STRICT_PROTOTYPES = YES;
				CLANG_WARN_SUSPICIOUS_MOVE = YES;
				CLANG_WARN_UNGUARDED_AVAILABILITY = YES_AGGRESSIVE;
				CLANG_WARN_UNREACHABLE_CODE = YES;
				CLANG_WARN__DUPLICATE_METHOD_MATCH = YES;
				COPY_PHASE_STRIP = NO;
				DEBUG_INFORMATION_FORMAT = dwarf;
				ENABLE_STRICT_OBJC_MSGSEND = YES;
				ENABLE_TESTABILITY = YES;
				ENABLE_USER_SCRIPT_SANDBOXING = YES;
				GCC_C_LANGUAGE_STANDARD = gnu17;
				GCC_DYNAMIC_NO_PIC = NO;
				GCC_NO_COMMON_BLOCKS = YES;
				GCC_OPTIMIZATION_LEVEL = 0;
				GCC_PREPROCESSOR_DEFINITIONS = (
					"DEBUG=1",
					"$(inherited)",
				);
				GCC_WARN_64_TO_32_BIT_CONVERSION = YES;
				GCC_WARN_ABOUT_RETURN_TYPE = YES_ERROR;
				GCC_WARN_UNDECLARED_SELECTOR = YES;
				GCC_WARN_UNINITIALIZED_AUTOS = YES_AGGRESSIVE;
				GCC_WARN_UNUSED_FUNCTION = YES;
				GCC_WARN_UNUSED_VARIABLE = YES;
				LOCALIZATION_PREFERS_STRING_CATALOGS = YES;
				MACOSX_DEPLOYMENT_TARGET = 26.5;
				MTL_ENABLE_DEBUG_INFO = INCLUDE_SOURCE;
				MTL_FAST_MATH = YES;
				ONLY_ACTIVE_ARCH = YES;
				SDKROOT = macosx;
				SWIFT_ACTIVE_COMPILATION_CONDITIONS = "DEBUG $(inherited)";
				"SWIFT_INCLUDE_PATHS[arch=*]" = "$(SRCROOT)/Generated/arm64";
				"SWIFT_OBJC_BRIDGING_HEADER[arch=*]" = "$(SRCROOT)/Generated/arm64/durvald_coreFFI.h";
				SWIFT_OPTIMIZATION_LEVEL = "-Onone";
			};
			name = Debug;
		};
		A19542DD303777A7001F7165 /* Release */ = {
			isa = XCBuildConfiguration;
			buildSettings = {
				ALWAYS_SEARCH_USER_PATHS = NO;
				ASSETCATALOG_COMPILER_GENERATE_SWIFT_ASSET_SYMBOL_EXTENSIONS = YES;
				CLANG_ANALYZER_NONNULL = YES;
				CLANG_ANALYZER_NUMBER_OBJECT_CONVERSION = YES_AGGRESSIVE;
				CLANG_CXX_LANGUAGE_STANDARD = "gnu++20";
				CLANG_ENABLE_MODULES = YES;
				CLANG_ENABLE_OBJC_ARC = YES;
				CLANG_ENABLE_OBJC_WEAK = YES;
				CLANG_WARN_BLOCK_CAPTURE_AUTORELEASING = YES;
				CLANG_WARN_BOOL_CONVERSION = YES;
				CLANG_WARN_COMMA = YES;
				CLANG_WARN_CONSTANT_CONVERSION = YES;
				CLANG_WARN_DEPRECATED_OBJC_IMPLEMENTATIONS = YES;
				CLANG_WARN_DIRECT_OBJC_ISA_USAGE = YES_ERROR;
				CLANG_WARN_DOCUMENTATION_COMMENTS = YES;
				CLANG_WARN_EMPTY_BODY = YES;
				CLANG_WARN_ENUM_CONVERSION = YES;
				CLANG_WARN_INFINITE_RECURSION = YES;
				CLANG_WARN_INT_CONVERSION = YES;
				CLANG_WARN_NON_LITERAL_NULL_CONVERSION = YES;
				CLANG_WARN_OBJC_IMPLICIT_RETAIN_SELF = YES;
				CLANG_WARN_OBJC_LITERAL_CONVERSION = YES;
				CLANG_WARN_OBJC_ROOT_CLASS = YES_ERROR;
				CLANG_WARN_QUOTED_INCLUDE_IN_FRAMEWORK_HEADER = YES;
				CLANG_WARN_RANGE_LOOP_ANALYSIS = YES;
				CLANG_WARN_STRICT_PROTOTYPES = YES;
				CLANG_WARN_SUSPICIOUS_MOVE = YES;
				CLANG_WARN_UNGUARDED_AVAILABILITY = YES_AGGRESSIVE;
				CLANG_WARN_UNREACHABLE_CODE = YES;
				CLANG_WARN__DUPLICATE_METHOD_MATCH = YES;
				COPY_PHASE_STRIP = NO;
				DEBUG_INFORMATION_FORMAT = "dwarf-with-dsym";
				ENABLE_NS_ASSERTIONS = NO;
				ENABLE_STRICT_OBJC_MSGSEND = YES;
				ENABLE_USER_SCRIPT_SANDBOXING = YES;
				GCC_C_LANGUAGE_STANDARD = gnu17;
				GCC_NO_COMMON_BLOCKS = YES;
				GCC_WARN_64_TO_32_BIT_CONVERSION = YES;
				GCC_WARN_ABOUT_RETURN_TYPE = YES_ERROR;
				GCC_WARN_UNDECLARED_SELECTOR = YES;
				GCC_WARN_UNINITIALIZED_AUTOS = YES_AGGRESSIVE;
				GCC_WARN_UNUSED_FUNCTION = YES;
				GCC_WARN_UNUSED_VARIABLE = YES;
				LOCALIZATION_PREFERS_STRING_CATALOGS = YES;
				MACOSX_DEPLOYMENT_TARGET = 26.5;
				MTL_ENABLE_DEBUG_INFO = NO;
				MTL_FAST_MATH = YES;
				SDKROOT = macosx;
				SWIFT_COMPILATION_MODE = wholemodule;
				"SWIFT_INCLUDE_PATHS[arch=*]" = "$(SRCROOT)/Generated/arm64";
				"SWIFT_OBJC_BRIDGING_HEADER[arch=*]" = "$(SRCROOT)/Generated/arm64/durvald_coreFFI.h";
			};
			name = Release;
		};
		A19542DF303777A7001F7165 /* Debug */ = {
			isa = XCBuildConfiguration;
			buildSettings = {
				ASSETCATALOG_COMPILER_APPICON_NAME = AppIcon;
				ASSETCATALOG_COMPILER_GLOBAL_ACCENT_COLOR_NAME = AccentColor;
				CODE_SIGN_STYLE = Automatic;
				COMBINE_HIDPI_IMAGES = YES;
				CURRENT_PROJECT_VERSION = 1;
				ENABLE_APP_SANDBOX = YES;
				ENABLE_INCOMING_NETWORK_CONNECTIONS = NO;
				ENABLE_OUTGOING_NETWORK_CONNECTIONS = YES;
				ENABLE_PREVIEWS = YES;
				ENABLE_RESOURCE_ACCESS_AUDIO_INPUT = NO;
				ENABLE_RESOURCE_ACCESS_BLUETOOTH = NO;
				ENABLE_RESOURCE_ACCESS_CALENDARS = NO;
				ENABLE_RESOURCE_ACCESS_CAMERA = NO;
				ENABLE_RESOURCE_ACCESS_CONTACTS = NO;
				ENABLE_RESOURCE_ACCESS_LOCATION = NO;
				ENABLE_RESOURCE_ACCESS_PRINTING = NO;
				ENABLE_RESOURCE_ACCESS_USB = NO;
				ENABLE_USER_SELECTED_FILES = readonly;
				GENERATE_INFOPLIST_FILE = YES;
				INFOPLIST_KEY_CFBundleDisplayName = Durvald;
				INFOPLIST_KEY_LSApplicationCategoryType = "public.app-category.music";
				INFOPLIST_KEY_NSHumanReadableCopyright = "";
				LD_RUNPATH_SEARCH_PATHS = (
					"$(inherited)",
					"@executable_path/../Frameworks",
				);
				LIBRARY_SEARCH_PATHS = (
					"$(inherited)",
					"$(PROJECT_DIR)/Frameworks",
				);
				MARKETING_VERSION = 1.0;
				PRODUCT_BUNDLE_IDENTIFIER = xyz.salguento.Durvald;
				PRODUCT_NAME = "$(TARGET_NAME)";
				REGISTER_APP_GROUPS = YES;
				STRING_CATALOG_GENERATE_SYMBOLS = YES;
				SWIFT_APPROACHABLE_CONCURRENCY = YES;
				SWIFT_DEFAULT_ACTOR_ISOLATION = nonisolated;
				SWIFT_EMIT_LOC_STRINGS = YES;
				"SWIFT_INCLUDE_PATHS[arch=*]" = "$(SRCROOT)/Durvald/Generated/arm64";
				SWIFT_UPCOMING_FEATURE_MEMBER_IMPORT_VISIBILITY = YES;
				SWIFT_VERSION = 5.0;
			};
			name = Debug;
		};
		A19542E0303777A7001F7165 /* Release */ = {
			isa = XCBuildConfiguration;
			buildSettings = {
				ASSETCATALOG_COMPILER_APPICON_NAME = AppIcon;
				ASSETCATALOG_COMPILER_GLOBAL_ACCENT_COLOR_NAME = AccentColor;
				CODE_SIGN_STYLE = Automatic;
				COMBINE_HIDPI_IMAGES = YES;
				CURRENT_PROJECT_VERSION = 1;
				ENABLE_APP_SANDBOX = YES;
				ENABLE_INCOMING_NETWORK_CONNECTIONS = NO;
				ENABLE_OUTGOING_NETWORK_CONNECTIONS = YES;
				ENABLE_PREVIEWS = YES;
				ENABLE_RESOURCE_ACCESS_AUDIO_INPUT = NO;
				ENABLE_RESOURCE_ACCESS_BLUETOOTH = NO;
				ENABLE_RESOURCE_ACCESS_CALENDARS = NO;
				ENABLE_RESOURCE_ACCESS_CAMERA = NO;
				ENABLE_RESOURCE_ACCESS_CONTACTS = NO;
				ENABLE_RESOURCE_ACCESS_LOCATION = NO;
				ENABLE_RESOURCE_ACCESS_PRINTING = NO;
				ENABLE_RESOURCE_ACCESS_USB = NO;
				ENABLE_USER_SELECTED_FILES = readonly;
				GENERATE_INFOPLIST_FILE = YES;
				INFOPLIST_KEY_CFBundleDisplayName = Durvald;
				INFOPLIST_KEY_LSApplicationCategoryType = "public.app-category.music";
				INFOPLIST_KEY_NSHumanReadableCopyright = "";
				LD_RUNPATH_SEARCH_PATHS = (
					"$(inherited)",
					"@executable_path/../Frameworks",
				);
				LIBRARY_SEARCH_PATHS = (
					"$(inherited)",
					"$(PROJECT_DIR)/Frameworks",
				);
				MARKETING_VERSION = 1.0;
				PRODUCT_BUNDLE_IDENTIFIER = xyz.salguento.Durvald;
				PRODUCT_NAME = "$(TARGET_NAME)";
				REGISTER_APP_GROUPS = YES;
				STRING_CATALOG_GENERATE_SYMBOLS = YES;
				SWIFT_APPROACHABLE_CONCURRENCY = YES;
				SWIFT_DEFAULT_ACTOR_ISOLATION = nonisolated;
				SWIFT_EMIT_LOC_STRINGS = YES;
				SWIFT_UPCOMING_FEATURE_MEMBER_IMPORT_VISIBILITY = YES;
				SWIFT_VERSION = 5.0;
			};
			name = Release;
		};
		A195432F30396B73001F7165 /* Debug */ = {
			isa = XCBuildConfiguration;
			buildSettings = {
				BUNDLE_LOADER = "$(TEST_HOST)";
				CODE_SIGN_STYLE = Automatic;
				CURRENT_PROJECT_VERSION = 1;
				GENERATE_INFOPLIST_FILE = YES;
				MARKETING_VERSION = 1.0;
				PRODUCT_BUNDLE_IDENTIFIER = xyz.salguento.DurvaldTests;
				PRODUCT_NAME = "$(TARGET_NAME)";
				STRING_CATALOG_GENERATE_SYMBOLS = NO;
				SWIFT_APPROACHABLE_CONCURRENCY = YES;
				SWIFT_EMIT_LOC_STRINGS = NO;
				SWIFT_UPCOMING_FEATURE_MEMBER_IMPORT_VISIBILITY = YES;
				SWIFT_VERSION = 5.0;
				TEST_HOST = "$(BUILT_PRODUCTS_DIR)/Durvald.app/$(BUNDLE_EXECUTABLE_FOLDER_PATH)/Durvald";
			};
			name = Debug;
		};
		A195433030396B73001F7165 /* Release */ = {
			isa = XCBuildConfiguration;
			buildSettings = {
				BUNDLE_LOADER = "$(TEST_HOST)";
				CODE_SIGN_STYLE = Automatic;
				CURRENT_PROJECT_VERSION = 1;
				GENERATE_INFOPLIST_FILE = YES;
				MARKETING_VERSION = 1.0;
				PRODUCT_BUNDLE_IDENTIFIER = xyz.salguento.DurvaldTests;
				PRODUCT_NAME = "$(TARGET_NAME)";
				STRING_CATALOG_GENERATE_SYMBOLS = NO;
				SWIFT_APPROACHABLE_CONCURRENCY = YES;
				SWIFT_EMIT_LOC_STRINGS = NO;
				SWIFT_UPCOMING_FEATURE_MEMBER_IMPORT_VISIBILITY = YES;
				SWIFT_VERSION = 5.0;
				TEST_HOST = "$(BUILT_PRODUCTS_DIR)/Durvald.app/$(BUNDLE_EXECUTABLE_FOLDER_PATH)/Durvald";
			};
			name = Release;
		};
		A195433E30396B9F001F7165 /* Debug */ = {
			isa = XCBuildConfiguration;
			buildSettings = {
				CODE_SIGN_STYLE = Automatic;
				CURRENT_PROJECT_VERSION = 1;
				GENERATE_INFOPLIST_FILE = YES;
				MARKETING_VERSION = 1.0;
				PRODUCT_BUNDLE_IDENTIFIER = xyz.salguento.DurvaldUITests;
				PRODUCT_NAME = "$(TARGET_NAME)";
				STRING_CATALOG_GENERATE_SYMBOLS = NO;
				SWIFT_APPROACHABLE_CONCURRENCY = YES;
				SWIFT_EMIT_LOC_STRINGS = NO;
				SWIFT_UPCOMING_FEATURE_MEMBER_IMPORT_VISIBILITY = YES;
				SWIFT_VERSION = 5.0;
				TEST_TARGET_NAME = Durvald;
			};
			name = Debug;
		};
		A195433F30396B9F001F7165 /* Release */ = {
			isa = XCBuildConfiguration;
			buildSettings = {
				CODE_SIGN_STYLE = Automatic;
				CURRENT_PROJECT_VERSION = 1;
				GENERATE_INFOPLIST_FILE = YES;
				MARKETING_VERSION = 1.0;
				PRODUCT_BUNDLE_IDENTIFIER = xyz.salguento.DurvaldUITests;
				PRODUCT_NAME = "$(TARGET_NAME)";
				STRING_CATALOG_GENERATE_SYMBOLS = NO;
				SWIFT_APPROACHABLE_CONCURRENCY = YES;
				SWIFT_EMIT_LOC_STRINGS = NO;
				SWIFT_UPCOMING_FEATURE_MEMBER_IMPORT_VISIBILITY = YES;
				SWIFT_VERSION = 5.0;
				TEST_TARGET_NAME = Durvald;
			};
			name = Release;
		};
/* End XCBuildConfiguration section */

/* Begin XCConfigurationList section */
		A19542CE303777A7001F7165 /* Build configuration list for PBXProject "Durvald" */ = {
			isa = XCConfigurationList;
			buildConfigurations = (
				A19542DC303777A7001F7165 /* Debug */,
				A19542DD303777A7001F7165 /* Release */,
			);
			defaultConfigurationIsVisible = 0;
			defaultConfigurationName = Release;
		};
		A19542DE303777A7001F7165 /* Build configuration list for PBXNativeTarget "Durvald" */ = {
			isa = XCConfigurationList;
			buildConfigurations = (
				A19542DF303777A7001F7165 /* Debug */,
				A19542E0303777A7001F7165 /* Release */,
			);
			defaultConfigurationIsVisible = 0;
			defaultConfigurationName = Release;
		};
		A195432E30396B73001F7165 /* Build configuration list for PBXNativeTarget "DurvaldTests" */ = {
			isa = XCConfigurationList;
			buildConfigurations = (
				A195432F30396B73001F7165 /* Debug */,
				A195433030396B73001F7165 /* Release */,
			);
			defaultConfigurationIsVisible = 0;
			defaultConfigurationName = Release;
		};
		A195433D30396B9F001F7165 /* Build configuration list for PBXNativeTarget "DurvaldUITests" */ = {
			isa = XCConfigurationList;
			buildConfigurations = (
				A195433E30396B9F001F7165 /* Debug */,
				A195433F30396B9F001F7165 /* Release */,
			);
			defaultConfigurationIsVisible = 0;
			defaultConfigurationName = Release;
		};
/* End XCConfigurationList section */
	};
	rootObject = A19542CB303777A7001F7165 /* Project object */;
}
